github.com/RyanCarrier/dijkstra v1.3.0 h1:lqrLMwKy8PtyDpWqZpcbzr9KkqnLJrDdQ9u3iNyNxm8=
github.com/RyanCarrier/dijkstra v1.3.0/go.mod h1:9egjhC7eVsfREX6NrYS+1wHzk9C/9v2Cz26/bqpjjTc=
github.com/davecgh/go-spew v1.1.1 h1:vj9j/u1bqnvCEfJOwUhtlOARqs3+rkHYY13jYWTU97c=
github.com/davecgh/go-spew v1.1.1/go.mod h1:J7Y8YcW2NihsgmVo/mv3lAwl/skON4iLHjSsI+c5H38=
github.com/pmezard/go-difflib v1.0.0 h1:4DBwDE0NGyQoBHbLQYPwSUPoCMWR5BEzIk/f1lZbAQM=
github.com/pmezard/go-difflib v1.0.0/go.mod h1:iKH77koFhYxTK1pcRnkKkqfTogsbg7gZNVY4sRDYZ/4=
github.com/staD020/TSCrunch v0.0.0-20230328221504-7d8d1ddd3819 h1:QyOCE4z309/K8nMvrcelYEGI47BsBHeOBlXlDfqFQiE=
github.com/staD020/TSCrunch v0.0.0-20230328221504-7d8d1ddd3819/go.mod h1:Cfa/303JH78inVjg+G1/2r3JuqIrI31lYO395xS2Yho=
github.com/staD020/sid v0.0.0-20220807170638-85586a960458 h1:80YkEMZEmNVMXPXZg9ItrVRO1NDGbNtKHkCZY1r+iU4=
github.com/staD020/sid v0.0.0-20220807170638-85586a960458/go.mod h1:1Z333YXPSPSD4TLk7C2+lNbFXIkRFyKhyYIQdB6zSaw=
github.com/staD020/sid v0.0.0-20250115002619-9fb2bf2806bd h1:BPvAqoirQ1o+8wPHLfPTGkLrQVgwqmu4vFN9sNSxQ/M=
github.com/staD020/sid v0.0.0-20250115002619-9fb2bf2806bd/go.mod h1:1Z333YXPSPSD4TLk7C2+lNbFXIkRFyKhyYIQdB6zSaw=
github.com/staD020/sid v0.0.0-20250117001042-b34d29a31304 h1:/09cZxB5ejndvPhDg0wXwR6drZDdiFZsupNtMDU6p8Q=
github.com/staD020/sid v0.0.0-20250117001042-b34d29a31304/go.mod h1:1Z333YXPSPSD4TLk7C2+lNbFXIkRFyKhyYIQdB6zSaw=
github.com/staD020/sid v0.0.0-20250318222726-0670cd499cb6 h1:XaMAYYzQCQIJD0mbNolt1uo8ePdu1SpRjol5qWK1h28=
github.com/staD020/sid v0.0.0-20250318222726-0670cd499cb6/go.mod h1:1Z333YXPSPSD4TLk7C2+lNbFXIkRFyKhyYIQdB6zSaw=
github.com/stretchr/testify v1.8.4 h1:CcVxjf3Q8PM0mHUKJCdn+eZZtm5yQwehR5yeSVQQcUk=
github.com/stretchr/testify v1.8.4/go.mod h1:sz/lmYIOXD/1dqDmKjjqLyZ2RngseejIcXlSw2iwfAo=
gopkg.in/check.v1 v0.0.0-20161208181325-20d25e280405 h1:yhCVgyC4o1eVCa2tZl7eS0r+SDo693bJlVdllGtEeKM=
gopkg.in/check.v1 v0.0.0-20161208181325-20d25e280405/go.mod h1:Co6ibVJAznAaIkqp8huTwlJQCZ016jof/cbN4VW5Yz0=
gopkg.in/yaml.v3 v3.0.1 h1:fxVm/GzAzEWqLHuvctI91KS9hhNmmWOoWu0XTYJS7CA=
gopkg.in/yaml.v3 v3.0.1/go.mod h1:K4uyk7z7BCEPqu6E+C64Yfv1cQ7kz7rIZviUmN+EgEM=
