github.com/RyanCarrier/dijkstra v1.1.0 h1:/NDihjfJA3CxFaZz8EdzTwdFKFZDvvB881OVLdakRcI=
github.com/RyanCarrier/dijkstra v1.1.0/go.mod h1:5agGUBNEtUAGIANmbw09fuO3a2htPEkc1jNH01qxCWA=
github.com/RyanCarrier/dijkstra-1 v0.0.0-20170512020943-0e5801a26345 h1:fgSpoKViTSqRb4hjDNj10ig5wUvO0CayCzFdLf6fuRM=
github.com/RyanCarrier/dijkstra-1 v0.0.0-20170512020943-0e5801a26345/go.mod h1:OK4EvWJ441LQqGzed5NGB6vKBAE34n3z7iayPcEwr30=
github.com/albertorestifo/dijkstra v0.0.0-20160910063646-aba76f725f72 h1:uGeGZl8PxSq8VZGG4QK5njJTFA4/G/x5CYORvQVXtAE=
github.com/albertorestifo/dijkstra v0.0.0-20160910063646-aba76f725f72/go.mod h1:o+JdB7VetTHjLhU0N57x18B9voDBQe0paApdEAEoEfw=
github.com/kettek/apng v0.0.0-20191108220231-414630eed80f h1:dnCYnTSltLuPMfc7dMrkz2uBUcEf/OFBR8yRh3oRT98=
github.com/kettek/apng v0.0.0-20191108220231-414630eed80f/go.mod h1:x78/VRQYKuCftMWS0uK5e+F5RJ7S4gSlESRWI0Prl6Q=
github.com/mattomatic/dijkstra v0.0.0-20130617153013-6f6d134eb237 h1:acuCHBjzG7MFTugvx3buC4m5rLDLaKC9J8C9jtlraRc=
github.com/mattomatic/dijkstra v0.0.0-20130617153013-6f6d134eb237/go.mod h1:UOnLAUmVG5paym8pD3C4B9BQylUDC2vXFJJpT7JrlEA=
github.com/staD020/TSCrunch v0.0.0-20220410084216-42a40bb46702 h1:BkzjgPXKtrcuvDPiqTZR5L/EZ1yBMYSfJkRcl0YV7SI=
github.com/staD020/TSCrunch v0.0.0-20220410084216-42a40bb46702/go.mod h1:Vp0VVNOHQP5Q31iBrbvfeV2XkrpNeTgGIyCCvANYd9A=
github.com/staD020/TSCrunch v0.0.0-20220425084113-e155947a5398 h1:46OKJUL7b2u0liCJii+vCQwTSnQyoCBKVkUnkpmAEeA=
github.com/staD020/TSCrunch v0.0.0-20220425084113-e155947a5398/go.mod h1:Vp0VVNOHQP5Q31iBrbvfeV2XkrpNeTgGIyCCvANYd9A=
github.com/staD020/sid v0.0.0-20220423115216-39142b8682cf h1:7hfOiCYk0Mz92mrj9jnxTXogu3kfqFb0tuodtyGOa6g=
github.com/staD020/sid v0.0.0-20220423115216-39142b8682cf/go.mod h1:1Z333YXPSPSD4TLk7C2+lNbFXIkRFyKhyYIQdB6zSaw=
github.com/staD020/sid v0.0.0-20220424004901-bb4b530dc517 h1:Z5Ki5WEvnoHtkuKdro6AdrJAdSAdJYgaWuhwawzrn7k=
github.com/staD020/sid v0.0.0-20220424004901-bb4b530dc517/go.mod h1:1Z333YXPSPSD4TLk7C2+lNbFXIkRFyKhyYIQdB6zSaw=
github.com/staD020/sid v0.0.0-20220424012431-5a1e0d1d0c51 h1:dXi1qrJXB52kOse7K7Tk8ACoOMHR0dPWFGhEVBQ8Ir4=
github.com/staD020/sid v0.0.0-20220424012431-5a1e0d1d0c51/go.mod h1:1Z333YXPSPSD4TLk7C2+lNbFXIkRFyKhyYIQdB6zSaw=
github.com/staD020/sid v0.0.0-20220430122941-c0c08a6f0fe3 h1:Rd8YX5lZ7r+GUhFaPCSSPg/gaLlyXtVWG6jklVu8IkQ=
github.com/staD020/sid v0.0.0-20220430122941-c0c08a6f0fe3/go.mod h1:1Z333YXPSPSD4TLk7C2+lNbFXIkRFyKhyYIQdB6zSaw=
github.com/staD020/sid v0.0.0-20220430185241-a0b2cdc8b08a h1:wF78AT6R94ZHRoFl3gW1co11mj4p5lPSq1Qq9Z1pllU=
github.com/staD020/sid v0.0.0-20220430185241-a0b2cdc8b08a/go.mod h1:1Z333YXPSPSD4TLk7C2+lNbFXIkRFyKhyYIQdB6zSaw=
